
Microsoft Visual Studio Solution File, Format Version 12.00
# Visual Studio Version 16
VisualStudioVersion = 16.0.29806.167
MinimumVisualStudioVersion = 10.0.40219.1
Project("{FAE04EC0-301F-11D3-BF4B-00C04F79EFBC}") = "FemiliFarmApp.DataAccess", "FemiliFarmApp.DataAccess\FemiliFarmApp.DataAccess.csproj", "{B00A8A98-3746-45B0-95F7-66F08D90FFB9}"
EndProject
Project("{FAE04EC0-301F-11D3-BF4B-00C04F79EFBC}") = "FemiliFarmApp.DomainModels", "FemiliFarmApp.DomainModels\FemiliFarmApp.DomainModels.csproj", "{5C5242B8-EE74-4958-B0B2-47A18C74F632}"
EndProject
Project("{FAE04EC0-301F-11D3-BF4B-00C04F79EFBC}") = "FemiliFarmApp.RequestModels", "FemiliFarmApp.RequestModels\FemiliFarmApp.RequestModels.csproj", "{3B19C29B-A1A0-4834-8301-87DE6497B2E6}"
EndProject
Project("{FAE04EC0-301F-11D3-BF4B-00C04F79EFBC}") = "FemiliFarmApp.Services", "FemiliFarmApp.Services\FemiliFarmApp.Services.csproj", "{2F54C664-1F2F-4365-A9A2-DC46A8ABCF4C}"
EndProject
Project("{FAE04EC0-301F-11D3-BF4B-00C04F79EFBC}") = "FemiliFarmApp.Web", "FemiliFarmApp.Web\FemiliFarmApp.Web.csproj", "{89252773-9C9E-47B3-98D8-0DEC516FC754}"
EndProject
Global
	GlobalSection(SolutionConfigurationPlatforms) = preSolution
		Debug|Any CPU = Debug|Any CPU
		Release|Any CPU = Release|Any CPU
	EndGlobalSection
	GlobalSection(ProjectConfigurationPlatforms) = postSolution
		{B00A8A98-3746-45B0-95F7-66F08D90FFB9}.Debug|Any CPU.ActiveCfg = Debug|Any CPU
		{B00A8A98-3746-45B0-95F7-66F08D90FFB9}.Debug|Any CPU.Build.0 = Debug|Any CPU
		{B00A8A98-3746-45B0-95F7-66F08D90FFB9}.Release|Any CPU.ActiveCfg = Release|Any CPU
		{B00A8A98-3746-45B0-95F7-66F08D90FFB9}.Release|Any CPU.Build.0 = Release|Any CPU
		{5C5242B8-EE74-4958-B0B2-47A18C74F632}.Debug|Any CPU.ActiveCfg = Debug|Any CPU
		{5C5242B8-EE74-4958-B0B2-47A18C74F632}.Debug|Any CPU.Build.0 = Debug|Any CPU
		{5C5242B8-EE74-4958-B0B2-47A18C74F632}.Release|Any CPU.ActiveCfg = Release|Any CPU
		{5C5242B8-EE74-4958-B0B2-47A18C74F632}.Release|Any CPU.Build.0 = Release|Any CPU
		{3B19C29B-A1A0-4834-8301-87DE6497B2E6}.Debug|Any CPU.ActiveCfg = Debug|Any CPU
		{3B19C29B-A1A0-4834-8301-87DE6497B2E6}.Debug|Any CPU.Build.0 = Debug|Any CPU
		{3B19C29B-A1A0-4834-8301-87DE6497B2E6}.Release|Any CPU.ActiveCfg = Release|Any CPU
		{3B19C29B-A1A0-4834-8301-87DE6497B2E6}.Release|Any CPU.Build.0 = Release|Any CPU
		{2F54C664-1F2F-4365-A9A2-DC46A8ABCF4C}.Debug|Any CPU.ActiveCfg = Debug|Any CPU
		{2F54C664-1F2F-4365-A9A2-DC46A8ABCF4C}.Debug|Any CPU.Build.0 = Debug|Any CPU
		{2F54C664-1F2F-4365-A9A2-DC46A8ABCF4C}.Release|Any CPU.ActiveCfg = Release|Any CPU
		{2F54C664-1F2F-4365-A9A2-DC46A8ABCF4C}.Release|Any CPU.Build.0 = Release|Any CPU
		{89252773-9C9E-47B3-98D8-0DEC516FC754}.Debug|Any CPU.ActiveCfg = Debug|Any CPU
		{89252773-9C9E-47B3-98D8-0DEC516FC754}.Debug|Any CPU.Build.0 = Debug|Any CPU
		{89252773-9C9E-47B3-98D8-0DEC516FC754}.Release|Any CPU.ActiveCfg = Release|Any CPU
		{89252773-9C9E-47B3-98D8-0DEC516FC754}.Release|Any CPU.Build.0 = Release|Any CPU
	EndGlobalSection
	GlobalSection(SolutionProperties) = preSolution
		HideSolutionNode = FALSE
	EndGlobalSection
	GlobalSection(ExtensibilityGlobals) = postSolution
		SolutionGuid = {C6D74FF2-5096-43F3-B813-F85488E86E48}
	EndGlobalSection
EndGlobal
